
Microsoft Visual Studio Solution File, Format Version 12.00
# Visual Studio Version 17
VisualStudioVersion = 17.14.36414.22
MinimumVisualStudioVersion = 10.0.40219.1
Project("{FAE04EC0-301F-11D3-BF4B-00C04F79EFBC}") = "StudentManager", "StudentManager\StudentManager.csproj", "{A765A200-6B46-47E1-AA4A-CB4F34F883DA}"
EndProject
Project("{FAE04EC0-301F-11D3-BF4B-00C04F79EFBC}") = "LoginDemo", "LoginDemo\LoginDemo.csproj", "{47E5D1A4-4518-47B3-A14B-FCB63CC8FC65}"
EndProject
Global
	GlobalSection(SolutionConfigurationPlatforms) = preSolution
		Debug|Any CPU = Debug|Any CPU
		Release|Any CPU = Release|Any CPU
	EndGlobalSection
	GlobalSection(ProjectConfigurationPlatforms) = postSolution
		{A765A200-6B46-47E1-AA4A-CB4F34F883DA}.Debug|Any CPU.ActiveCfg = Debug|Any CPU
		{A765A200-6B46-47E1-AA4A-CB4F34F883DA}.Debug|Any CPU.Build.0 = Debug|Any CPU
		{A765A200-6B46-47E1-AA4A-CB4F34F883DA}.Release|Any CPU.ActiveCfg = Release|Any CPU
		{A765A200-6B46-47E1-AA4A-CB4F34F883DA}.Release|Any CPU.Build.0 = Release|Any CPU
		{47E5D1A4-4518-47B3-A14B-FCB63CC8FC65}.Debug|Any CPU.ActiveCfg = Debug|Any CPU
		{47E5D1A4-4518-47B3-A14B-FCB63CC8FC65}.Debug|Any CPU.Build.0 = Debug|Any CPU
		{47E5D1A4-4518-47B3-A14B-FCB63CC8FC65}.Release|Any CPU.ActiveCfg = Release|Any CPU
		{47E5D1A4-4518-47B3-A14B-FCB63CC8FC65}.Release|Any CPU.Build.0 = Release|Any CPU
	EndGlobalSection
	GlobalSection(SolutionProperties) = preSolution
		HideSolutionNode = FALSE
	EndGlobalSection
	GlobalSection(ExtensibilityGlobals) = postSolution
		SolutionGuid = {0627FF76-E8B6-4FBB-BB1C-6DC289178CDD}
	EndGlobalSection
EndGlobal
